
Microsoft Visual Studio Solution File, Format Version 12.00
# Visual Studio Version 17
VisualStudioVersion = 17.5.002.0
MinimumVisualStudioVersion = 10.0.40219.1
Project("{9A19103F-16F7-4668-BE54-9A1E7A4F7556}") = "Colton-Aycock-Final-Project", "Colton-Aycock-Final-Project.csproj", "{10AB3E7C-9709-49DE-9EE4-BC8568D8F02D}"
EndProject
Global
	GlobalSection(SolutionConfigurationPlatforms) = preSolution
		Debug|Any CPU = Debug|Any CPU
		Release|Any CPU = Release|Any CPU
	EndGlobalSection
	GlobalSection(ProjectConfigurationPlatforms) = postSolution
		{10AB3E7C-9709-49DE-9EE4-BC8568D8F02D}.Debug|Any CPU.ActiveCfg = Debug|Any CPU
		{10AB3E7C-9709-49DE-9EE4-BC8568D8F02D}.Debug|Any CPU.Build.0 = Debug|Any CPU
		{10AB3E7C-9709-49DE-9EE4-BC8568D8F02D}.Release|Any CPU.ActiveCfg = Release|Any CPU
		{10AB3E7C-9709-49DE-9EE4-BC8568D8F02D}.Release|Any CPU.Build.0 = Release|Any CPU
	EndGlobalSection
	GlobalSection(SolutionProperties) = preSolution
		HideSolutionNode = FALSE
	EndGlobalSection
	GlobalSection(ExtensibilityGlobals) = postSolution
		SolutionGuid = {4B1489F8-D0B3-47C9-B1B1-A89D035864D3}
	EndGlobalSection
EndGlobal
